
Microsoft Visual Studio Solution File, Format Version 12.00
# Visual Studio Version 17
VisualStudioVersion = 17.3.32901.215
MinimumVisualStudioVersion = 10.0.40219.1
Project("{9A19103F-16F7-4668-BE54-9A1E7A4F7556}") = "Adventofcode2022", "Adventofcode2022\Adventofcode2022.csproj", "{62B021DC-F863-443B-9674-49E81B1315B3}"
EndProject
Project("{9A19103F-16F7-4668-BE54-9A1E7A4F7556}") = "d01", "d01\d01.csproj", "{26C89E28-946B-45C2-B4CF-908CE2A26976}"
EndProject
Project("{9A19103F-16F7-4668-BE54-9A1E7A4F7556}") = "d02", "d02\d02.csproj", "{A7D53DCE-0A10-4073-9A08-677079A6D99E}"
EndProject
Project("{9A19103F-16F7-4668-BE54-9A1E7A4F7556}") = "d03", "d03\d03.csproj", "{3982CE9F-DE8F-40F6-8C2B-60BDBBE4480E}"
EndProject
Project("{9A19103F-16F7-4668-BE54-9A1E7A4F7556}") = "d04", "d04\d04.csproj", "{CBB6B093-2AE2-4102-B25C-02B1A68728F3}"
EndProject
Project("{9A19103F-16F7-4668-BE54-9A1E7A4F7556}") = "d05", "d05\d05.csproj", "{DCE7DD7F-9C21-410D-8516-584AA8E1BFED}"
EndProject
Project("{9A19103F-16F7-4668-BE54-9A1E7A4F7556}") = "d06", "d06\d06.csproj", "{D79D935A-7D19-4B8F-8F9E-35D35ECA6911}"
EndProject
Project("{FAE04EC0-301F-11D3-BF4B-00C04F79EFBC}") = "d07", "d07\d07.csproj", "{468675C1-F623-4FB9-BD7F-E7E72C2270CA}"
EndProject
Global
	GlobalSection(SolutionConfigurationPlatforms) = preSolution
		Debug|Any CPU = Debug|Any CPU
		Release|Any CPU = Release|Any CPU
	EndGlobalSection
	GlobalSection(ProjectConfigurationPlatforms) = postSolution
		{62B021DC-F863-443B-9674-49E81B1315B3}.Debug|Any CPU.ActiveCfg = Debug|Any CPU
		{62B021DC-F863-443B-9674-49E81B1315B3}.Debug|Any CPU.Build.0 = Debug|Any CPU
		{62B021DC-F863-443B-9674-49E81B1315B3}.Release|Any CPU.ActiveCfg = Release|Any CPU
		{62B021DC-F863-443B-9674-49E81B1315B3}.Release|Any CPU.Build.0 = Release|Any CPU
		{26C89E28-946B-45C2-B4CF-908CE2A26976}.Debug|Any CPU.ActiveCfg = Debug|Any CPU
		{26C89E28-946B-45C2-B4CF-908CE2A26976}.Debug|Any CPU.Build.0 = Debug|Any CPU
		{26C89E28-946B-45C2-B4CF-908CE2A26976}.Release|Any CPU.ActiveCfg = Release|Any CPU
		{26C89E28-946B-45C2-B4CF-908CE2A26976}.Release|Any CPU.Build.0 = Release|Any CPU
		{A7D53DCE-0A10-4073-9A08-677079A6D99E}.Debug|Any CPU.ActiveCfg = Debug|Any CPU
		{A7D53DCE-0A10-4073-9A08-677079A6D99E}.Debug|Any CPU.Build.0 = Debug|Any CPU
		{A7D53DCE-0A10-4073-9A08-677079A6D99E}.Release|Any CPU.ActiveCfg = Release|Any CPU
		{A7D53DCE-0A10-4073-9A08-677079A6D99E}.Release|Any CPU.Build.0 = Release|Any CPU
		{3982CE9F-DE8F-40F6-8C2B-60BDBBE4480E}.Debug|Any CPU.ActiveCfg = Debug|Any CPU
		{3982CE9F-DE8F-40F6-8C2B-60BDBBE4480E}.Debug|Any CPU.Build.0 = Debug|Any CPU
		{3982CE9F-DE8F-40F6-8C2B-60BDBBE4480E}.Release|Any CPU.ActiveCfg = Release|Any CPU
		{3982CE9F-DE8F-40F6-8C2B-60BDBBE4480E}.Release|Any CPU.Build.0 = Release|Any CPU
		{CBB6B093-2AE2-4102-B25C-02B1A68728F3}.Debug|Any CPU.ActiveCfg = Debug|Any CPU
		{CBB6B093-2AE2-4102-B25C-02B1A68728F3}.Debug|Any CPU.Build.0 = Debug|Any CPU
		{CBB6B093-2AE2-4102-B25C-02B1A68728F3}.Release|Any CPU.ActiveCfg = Release|Any CPU
		{CBB6B093-2AE2-4102-B25C-02B1A68728F3}.Release|Any CPU.Build.0 = Release|Any CPU
		{DCE7DD7F-9C21-410D-8516-584AA8E1BFED}.Debug|Any CPU.ActiveCfg = Debug|Any CPU
		{DCE7DD7F-9C21-410D-8516-584AA8E1BFED}.Debug|Any CPU.Build.0 = Debug|Any CPU
		{DCE7DD7F-9C21-410D-8516-584AA8E1BFED}.Release|Any CPU.ActiveCfg = Release|Any CPU
		{DCE7DD7F-9C21-410D-8516-584AA8E1BFED}.Release|Any CPU.Build.0 = Release|Any CPU
		{D79D935A-7D19-4B8F-8F9E-35D35ECA6911}.Debug|Any CPU.ActiveCfg = Debug|Any CPU
		{D79D935A-7D19-4B8F-8F9E-35D35ECA6911}.Debug|Any CPU.Build.0 = Debug|Any CPU
		{D79D935A-7D19-4B8F-8F9E-35D35ECA6911}.Release|Any CPU.ActiveCfg = Release|Any CPU
		{D79D935A-7D19-4B8F-8F9E-35D35ECA6911}.Release|Any CPU.Build.0 = Release|Any CPU
		{468675C1-F623-4FB9-BD7F-E7E72C2270CA}.Debug|Any CPU.ActiveCfg = Debug|Any CPU
		{468675C1-F623-4FB9-BD7F-E7E72C2270CA}.Debug|Any CPU.Build.0 = Debug|Any CPU
		{468675C1-F623-4FB9-BD7F-E7E72C2270CA}.Release|Any CPU.ActiveCfg = Release|Any CPU
		{468675C1-F623-4FB9-BD7F-E7E72C2270CA}.Release|Any CPU.Build.0 = Release|Any CPU
	EndGlobalSection
	GlobalSection(SolutionProperties) = preSolution
		HideSolutionNode = FALSE
	EndGlobalSection
	GlobalSection(ExtensibilityGlobals) = postSolution
		SolutionGuid = {ECA109EE-63EC-4784-922C-C501D8BD09F1}
	EndGlobalSection
EndGlobal
